// !$*UTF8*$!
{
	archiveVersion = 1;
	classes = {
	};
	objectVersion = 50;
	objects = {

/* Begin PBXBuildFile section */
		91909C5325CD755D001D1DE5 /* Resource.h in Headers */ = {isa = PBXBuildFile; fileRef = 91909C5125CD755D001D1DE5 /* Resource.h */; settings = {ATTRIBUTES = (Public, ); }; };
		91909C6525CD7658001D1DE5 /* Color+App.swift in Sources */ = {isa = PBXBuildFile; fileRef = 91909C5D25CD7658001D1DE5 /* Color+App.swift */; };
		91909C6625CD7658001D1DE5 /* Image+App.swift in Sources */ = {isa = PBXBuildFile; fileRef = 91909C5F25CD7658001D1DE5 /* Image+App.swift */; };
		91909C6725CD7658001D1DE5 /* Images.xcassets in Resources */ = {isa = PBXBuildFile; fileRef = 91909C6025CD7658001D1DE5 /* Images.xcassets */; };
		91909C6A25CD7658001D1DE5 /* UIFont+App.swift in Sources */ = {isa = PBXBuildFile; fileRef = 91909C6425CD7658001D1DE5 /* UIFont+App.swift */; };
		91909C6E25CD7677001D1DE5 /* Logging.framework in Frameworks */ = {isa = PBXBuildFile; fileRef = 91909C6D25CD7677001D1DE5 /* Logging.framework */; };
		91909C6F25CD7677001D1DE5 /* Logging.framework in Embed Frameworks */ = {isa = PBXBuildFile; fileRef = 91909C6D25CD7677001D1DE5 /* Logging.framework */; settings = {ATTRIBUTES = (CodeSignOnCopy, RemoveHeadersOnCopy, ); }; };
		91909CB425CF0CFA001D1DE5 /* NanumBarunpenR.otf in Resources */ = {isa = PBXBuildFile; fileRef = 91909CB225CF0CFA001D1DE5 /* NanumBarunpenR.otf */; };
		91909CBD25CF13C2001D1DE5 /* NanumBarunpenB.otf in Resources */ = {isa = PBXBuildFile; fileRef = 91909CBC25CF13C2001D1DE5 /* NanumBarunpenB.otf */; };
/* End PBXBuildFile section */

/* Begin PBXCopyFilesBuildPhase section */
		91909C7025CD7677001D1DE5 /* Embed Frameworks */ = {
			isa = PBXCopyFilesBuildPhase;
			buildActionMask = 2147483647;
			dstPath = "";
			dstSubfolderSpec = 10;
			files = (
				91909C6F25CD7677001D1DE5 /* Logging.framework in Embed Frameworks */,
			);
			name = "Embed Frameworks";
			runOnlyForDeploymentPostprocessing = 0;
		};
/* End PBXCopyFilesBuildPhase section */

/* Begin PBXFileReference section */
		91909C4E25CD755D001D1DE5 /* Resource.framework */ = {isa = PBXFileReference; explicitFileType = wrapper.framework; includeInIndex = 0; path = Resource.framework; sourceTree = BUILT_PRODUCTS_DIR; };
		91909C5125CD755D001D1DE5 /* Resource.h */ = {isa = PBXFileReference; lastKnownFileType = sourcecode.c.h; path = Resource.h; sourceTree = "<group>"; };
		91909C5225CD755D001D1DE5 /* Info.plist */ = {isa = PBXFileReference; lastKnownFileType = text.plist.xml; path = Info.plist; sourceTree = "<group>"; };
		91909C5D25CD7658001D1DE5 /* Color+App.swift */ = {isa = PBXFileReference; fileEncoding = 4; lastKnownFileType = sourcecode.swift; path = "Color+App.swift"; sourceTree = "<group>"; };
		91909C5F25CD7658001D1DE5 /* Image+App.swift */ = {isa = PBXFileReference; fileEncoding = 4; lastKnownFileType = sourcecode.swift; path = "Image+App.swift"; sourceTree = "<group>"; };
		91909C6025CD7658001D1DE5 /* Images.xcassets */ = {isa = PBXFileReference; lastKnownFileType = folder.assetcatalog; path = Images.xcassets; sourceTree = "<group>"; };
		91909C6425CD7658001D1DE5 /* UIFont+App.swift */ = {isa = PBXFileReference; fileEncoding = 4; lastKnownFileType = sourcecode.swift; path = "UIFont+App.swift"; sourceTree = "<group>"; };
		91909C6D25CD7677001D1DE5 /* Logging.framework */ = {isa = PBXFileReference; explicitFileType = wrapper.framework; path = Logging.framework; sourceTree = BUILT_PRODUCTS_DIR; };
		91909CB225CF0CFA001D1DE5 /* NanumBarunpenR.otf */ = {isa = PBXFileReference; lastKnownFileType = file; path = NanumBarunpenR.otf; sourceTree = "<group>"; };
		91909CBC25CF13C2001D1DE5 /* NanumBarunpenB.otf */ = {isa = PBXFileReference; lastKnownFileType = file; path = NanumBarunpenB.otf; sourceTree = "<group>"; };
/* End PBXFileReference section */

/* Begin PBXFrameworksBuildPhase section */
		91909C4B25CD755D001D1DE5 /* Frameworks */ = {
			isa = PBXFrameworksBuildPhase;
			buildActionMask = 2147483647;
			files = (
				91909C6E25CD7677001D1DE5 /* Logging.framework in Frameworks */,
			);
			runOnlyForDeploymentPostprocessing = 0;
		};
/* End PBXFrameworksBuildPhase section */

/* Begin PBXGroup section */
		91909C4425CD755D001D1DE5 = {
			isa = PBXGroup;
			children = (
				91909C5025CD755D001D1DE5 /* Resource */,
				91909C4F25CD755D001D1DE5 /* Products */,
				91909C6C25CD7677001D1DE5 /* Frameworks */,
			);
			indentWidth = 2;
			sourceTree = "<group>";
			tabWidth = 2;
		};
		91909C4F25CD755D001D1DE5 /* Products */ = {
			isa = PBXGroup;
			children = (
				91909C4E25CD755D001D1DE5 /* Resource.framework */,
			);
			name = Products;
			sourceTree = "<group>";
		};
		91909C5025CD755D001D1DE5 /* Resource */ = {
			isa = PBXGroup;
			children = (
				91909C5C25CD7658001D1DE5 /* Colors */,
				91909C5A25CD75C5001D1DE5 /* Config */,
				91909C6125CD7658001D1DE5 /* Fonts */,
				91909C5E25CD7658001D1DE5 /* Images */,
			);
			path = Resource;
			sourceTree = "<group>";
		};
		91909C5A25CD75C5001D1DE5 /* Config */ = {
			isa = PBXGroup;
			children = (
				91909C5125CD755D001D1DE5 /* Resource.h */,
				91909C5225CD755D001D1DE5 /* Info.plist */,
			);
			path = Config;
			sourceTree = "<group>";
		};
		91909C5C25CD7658001D1DE5 /* Colors */ = {
			isa = PBXGroup;
			children = (
				91909C5D25CD7658001D1DE5 /* Color+App.swift */,
			);
			path = Colors;
			sourceTree = "<group>";
		};
		91909C5E25CD7658001D1DE5 /* Images */ = {
			isa = PBXGroup;
			children = (
				91909C5F25CD7658001D1DE5 /* Image+App.swift */,
				91909C6025CD7658001D1DE5 /* Images.xcassets */,
			);
			path = Images;
			sourceTree = "<group>";
		};
		91909C6125CD7658001D1DE5 /* Fonts */ = {
			isa = PBXGroup;
			children = (
				91909CBC25CF13C2001D1DE5 /* NanumBarunpenB.otf */,
				91909CB225CF0CFA001D1DE5 /* NanumBarunpenR.otf */,
				91909C6425CD7658001D1DE5 /* UIFont+App.swift */,
			);
			path = Fonts;
			sourceTree = "<group>";
		};
		91909C6C25CD7677001D1DE5 /* Frameworks */ = {
			isa = PBXGroup;
			children = (
				91909C6D25CD7677001D1DE5 /* Logging.framework */,
			);
			name = Frameworks;
			sourceTree = "<group>";
		};
/* End PBXGroup section */

/* Begin PBXHeadersBuildPhase section */
		91909C4925CD755D001D1DE5 /* Headers */ = {
			isa = PBXHeadersBuildPhase;
			buildActionMask = 2147483647;
			files = (
				91909C5325CD755D001D1DE5 /* Resource.h in Headers */,
			);
			runOnlyForDeploymentPostprocessing = 0;
		};
/* End PBXHeadersBuildPhase section */

/* Begin PBXNativeTarget section */
		91909C4D25CD755D001D1DE5 /* Resource */ = {
			isa = PBXNativeTarget;
			buildConfigurationList = 91909C5625CD755D001D1DE5 /* Build configuration list for PBXNativeTarget "Resource" */;
			buildPhases = (
				91909C4925CD755D001D1DE5 /* Headers */,
				91909C4A25CD755D001D1DE5 /* Sources */,
				91909C4B25CD755D001D1DE5 /* Frameworks */,
				91909C4C25CD755D001D1DE5 /* Resources */,
				91909C7025CD7677001D1DE5 /* Embed Frameworks */,
				91909CB925CF1220001D1DE5 /* Remove Duplicated Frameworks */,
			);
			buildRules = (
			);
			dependencies = (
			);
			name = Resource;
			productName = Resource;
			productReference = 91909C4E25CD755D001D1DE5 /* Resource.framework */;
			productType = "com.apple.product-type.framework";
		};
/* End PBXNativeTarget section */

/* Begin PBXProject section */
		91909C4525CD755D001D1DE5 /* Project object */ = {
			isa = PBXProject;
			attributes = {
				LastUpgradeCheck = 1230;
				TargetAttributes = {
					91909C4D25CD755D001D1DE5 = {
						CreatedOnToolsVersion = 12.3;
					};
				};
			};
			buildConfigurationList = 91909C4825CD755D001D1DE5 /* Build configuration list for PBXProject "Resource" */;
			compatibilityVersion = "Xcode 9.3";
			developmentRegion = en;
			hasScannedForEncodings = 0;
			knownRegions = (
				en,
				Base,
			);
			mainGroup = 91909C4425CD755D001D1DE5;
			productRefGroup = 91909C4F25CD755D001D1DE5 /* Products */;
			projectDirPath = "";
			projectRoot = "";
			targets = (
				91909C4D25CD755D001D1DE5 /* Resource */,
			);
		};
/* End PBXProject section */

/* Begin PBXResourcesBuildPhase section */
		91909C4C25CD755D001D1DE5 /* Resources */ = {
			isa = PBXResourcesBuildPhase;
			buildActionMask = 2147483647;
			files = (
				91909CB425CF0CFA001D1DE5 /* NanumBarunpenR.otf in Resources */,
				91909CBD25CF13C2001D1DE5 /* NanumBarunpenB.otf in Resources */,
				91909C6725CD7658001D1DE5 /* Images.xcassets in Resources */,
			);
			runOnlyForDeploymentPostprocessing = 0;
		};
/* End PBXResourcesBuildPhase section */

/* Begin PBXShellScriptBuildPhase section */
		91909CB925CF1220001D1DE5 /* Remove Duplicated Frameworks */ = {
			isa = PBXShellScriptBuildPhase;
			buildActionMask = 2147483647;
			files = (
			);
			inputFileListPaths = (
			);
			inputPaths = (
			);
			name = "Remove Duplicated Frameworks";
			outputFileListPaths = (
			);
			outputPaths = (
			);
			runOnlyForDeploymentPostprocessing = 0;
			shellPath = /bin/sh;
			shellScript = "cd \"${CONFIGURATION_BUILD_DIR}/${UNLOCALIZED_RESOURCES_FOLDER_PATH}/\"\nif [[ -d \"Frameworks\" ]]; then \n    rm -fr Frameworks\nfi\n";
		};
/* End PBXShellScriptBuildPhase section */

/* Begin PBXSourcesBuildPhase section */
		91909C4A25CD755D001D1DE5 /* Sources */ = {
			isa = PBXSourcesBuildPhase;
			buildActionMask = 2147483647;
			files = (
				91909C6525CD7658001D1DE5 /* Color+App.swift in Sources */,
				91909C6A25CD7658001D1DE5 /* UIFont+App.swift in Sources */,
				91909C6625CD7658001D1DE5 /* Image+App.swift in Sources */,
			);
			runOnlyForDeploymentPostprocessing = 0;
		};
/* End PBXSourcesBuildPhase section */

/* Begin XCBuildConfiguration section */
		91909C5425CD755D001D1DE5 /* Debug */ = {
			isa = XCBuildConfiguration;
			buildSettings = {
				ALWAYS_SEARCH_USER_PATHS = NO;
				CLANG_ANALYZER_NONNULL = YES;
				CLANG_ANALYZER_NUMBER_OBJECT_CONVERSION = YES_AGGRESSIVE;
				CLANG_CXX_LANGUAGE_STANDARD = "gnu++14";
				CLANG_CXX_LIBRARY = "libc++";
				CLANG_ENABLE_MODULES = YES;
				CLANG_ENABLE_OBJC_ARC = YES;
				CLANG_ENABLE_OBJC_WEAK = YES;
				CLANG_WARN_BLOCK_CAPTURE_AUTORELEASING = YES;
				CLANG_WARN_BOOL_CONVERSION = YES;
				CLANG_WARN_COMMA = YES;
				CLANG_WARN_CONSTANT_CONVERSION = YES;
				CLANG_WARN_DEPRECATED_OBJC_IMPLEMENTATIONS = YES;
				CLANG_WARN_DIRECT_OBJC_ISA_USAGE = YES_ERROR;
				CLANG_WARN_DOCUMENTATION_COMMENTS = YES;
				CLANG_WARN_EMPTY_BODY = YES;
				CLANG_WARN_ENUM_CONVERSION = YES;
				CLANG_WARN_INFINITE_RECURSION = YES;
				CLANG_WARN_INT_CONVERSION = YES;
				CLANG_WARN_NON_LITERAL_NULL_CONVERSION = YES;
				CLANG_WARN_OBJC_IMPLICIT_RETAIN_SELF = YES;
				CLANG_WARN_OBJC_LITERAL_CONVERSION = YES;
				CLANG_WARN_OBJC_ROOT_CLASS = YES_ERROR;
				CLANG_WARN_QUOTED_INCLUDE_IN_FRAMEWORK_HEADER = YES;
				CLANG_WARN_RANGE_LOOP_ANALYSIS = YES;
				CLANG_WARN_STRICT_PROTOTYPES = YES;
				CLANG_WARN_SUSPICIOUS_MOVE = YES;
				CLANG_WARN_UNGUARDED_AVAILABILITY = YES_AGGRESSIVE;
				CLANG_WARN_UNREACHABLE_CODE = YES;
				CLANG_WARN__DUPLICATE_METHOD_MATCH = YES;
				COPY_PHASE_STRIP = NO;
				CURRENT_PROJECT_VERSION = 1;
				DEBUG_INFORMATION_FORMAT = dwarf;
				ENABLE_STRICT_OBJC_MSGSEND = YES;
				ENABLE_TESTABILITY = YES;
				GCC_C_LANGUAGE_STANDARD = gnu11;
				GCC_DYNAMIC_NO_PIC = NO;
				GCC_NO_COMMON_BLOCKS = YES;
				GCC_OPTIMIZATION_LEVEL = 0;
				GCC_PREPROCESSOR_DEFINITIONS = (
					"DEBUG=1",
					"$(inherited)",
				);
				GCC_WARN_64_TO_32_BIT_CONVERSION = YES;
				GCC_WARN_ABOUT_RETURN_TYPE = YES_ERROR;
				GCC_WARN_UNDECLARED_SELECTOR = YES;
				GCC_WARN_UNINITIALIZED_AUTOS = YES_AGGRESSIVE;
				GCC_WARN_UNUSED_FUNCTION = YES;
				GCC_WARN_UNUSED_VARIABLE = YES;
				IPHONEOS_DEPLOYMENT_TARGET = 14.0;
				MTL_ENABLE_DEBUG_INFO = INCLUDE_SOURCE;
				MTL_FAST_MATH = YES;
				ONLY_ACTIVE_ARCH = YES;
				SDKROOT = iphoneos;
				SWIFT_ACTIVE_COMPILATION_CONDITIONS = DEBUG;
				SWIFT_OPTIMIZATION_LEVEL = "-Onone";
				VERSIONING_SYSTEM = "apple-generic";
				VERSION_INFO_PREFIX = "";
			};
			name = Debug;
		};
		91909C5525CD755D001D1DE5 /* Release */ = {
			isa = XCBuildConfiguration;
			buildSettings = {
				ALWAYS_SEARCH_USER_PATHS = NO;
				CLANG_ANALYZER_NONNULL = YES;
				CLANG_ANALYZER_NUMBER_OBJECT_CONVERSION = YES_AGGRESSIVE;
				CLANG_CXX_LANGUAGE_STANDARD = "gnu++14";
				CLANG_CXX_LIBRARY = "libc++";
				CLANG_ENABLE_MODULES = YES;
				CLANG_ENABLE_OBJC_ARC = YES;
				CLANG_ENABLE_OBJC_WEAK = YES;
				CLANG_WARN_BLOCK_CAPTURE_AUTORELEASING = YES;
				CLANG_WARN_BOOL_CONVERSION = YES;
				CLANG_WARN_COMMA = YES;
				CLANG_WARN_CONSTANT_CONVERSION = YES;
				CLANG_WARN_DEPRECATED_OBJC_IMPLEMENTATIONS = YES;
				CLANG_WARN_DIRECT_OBJC_ISA_USAGE = YES_ERROR;
				CLANG_WARN_DOCUMENTATION_COMMENTS = YES;
				CLANG_WARN_EMPTY_BODY = YES;
				CLANG_WARN_ENUM_CONVERSION = YES;
				CLANG_WARN_INFINITE_RECURSION = YES;
				CLANG_WARN_INT_CONVERSION = YES;
				CLANG_WARN_NON_LITERAL_NULL_CONVERSION = YES;
				CLANG_WARN_OBJC_IMPLICIT_RETAIN_SELF = YES;
				CLANG_WARN_OBJC_LITERAL_CONVERSION = YES;
				CLANG_WARN_OBJC_ROOT_CLASS = YES_ERROR;
				CLANG_WARN_QUOTED_INCLUDE_IN_FRAMEWORK_HEADER = YES;
				CLANG_WARN_RANGE_LOOP_ANALYSIS = YES;
				CLANG_WARN_STRICT_PROTOTYPES = YES;
				CLANG_WARN_SUSPICIOUS_MOVE = YES;
				CLANG_WARN_UNGUARDED_AVAILABILITY = YES_AGGRESSIVE;
				CLANG_WARN_UNREACHABLE_CODE = YES;
				CLANG_WARN__DUPLICATE_METHOD_MATCH = YES;
				COPY_PHASE_STRIP = NO;
				CURRENT_PROJECT_VERSION = 1;
				DEBUG_INFORMATION_FORMAT = "dwarf-with-dsym";
				ENABLE_NS_ASSERTIONS = NO;
				ENABLE_STRICT_OBJC_MSGSEND = YES;
				GCC_C_LANGUAGE_STANDARD = gnu11;
				GCC_NO_COMMON_BLOCKS = YES;
				GCC_WARN_64_TO_32_BIT_CONVERSION = YES;
				GCC_WARN_ABOUT_RETURN_TYPE = YES_ERROR;
				GCC_WARN_UNDECLARED_SELECTOR = YES;
				GCC_WARN_UNINITIALIZED_AUTOS = YES_AGGRESSIVE;
				GCC_WARN_UNUSED_FUNCTION = YES;
				GCC_WARN_UNUSED_VARIABLE = YES;
				IPHONEOS_DEPLOYMENT_TARGET = 14.0;
				MTL_ENABLE_DEBUG_INFO = NO;
				MTL_FAST_MATH = YES;
				SDKROOT = iphoneos;
				SWIFT_COMPILATION_MODE = wholemodule;
				SWIFT_OPTIMIZATION_LEVEL = "-O";
				VALIDATE_PRODUCT = YES;
				VERSIONING_SYSTEM = "apple-generic";
				VERSION_INFO_PREFIX = "";
			};
			name = Release;
		};
		91909C5725CD755D001D1DE5 /* Debug */ = {
			isa = XCBuildConfiguration;
			buildSettings = {
				CODE_SIGN_STYLE = Automatic;
				DEFINES_MODULE = YES;
				DEVELOPMENT_TEAM = 7KW522KWZF;
				DYLIB_COMPATIBILITY_VERSION = 1;
				DYLIB_CURRENT_VERSION = 1;
				DYLIB_INSTALL_NAME_BASE = "@rpath";
				"EXCLUDED_ARCHS[sdk=iphonesimulator*]" = arm64;
				INFOPLIST_FILE = Resource/Info.plist;
				INSTALL_PATH = "$(LOCAL_LIBRARY_DIR)/Frameworks";
				IPHONEOS_DEPLOYMENT_TARGET = 14.0;
				LD_RUNPATH_SEARCH_PATHS = (
					"$(inherited)",
					"@executable_path/Frameworks",
					"@loader_path/Frameworks",
				);
				PRODUCT_BUNDLE_IDENTIFIER = com.seasons.fantazia.resource;
				PRODUCT_NAME = "$(TARGET_NAME:c99extidentifier)";
				SKIP_INSTALL = YES;
				SWIFT_VERSION = 5.0;
				TARGETED_DEVICE_FAMILY = "1,2";
			};
			name = Debug;
		};
		91909C5825CD755D001D1DE5 /* Release */ = {
			isa = XCBuildConfiguration;
			buildSettings = {
				CODE_SIGN_STYLE = Automatic;
				DEFINES_MODULE = YES;
				DEVELOPMENT_TEAM = 7KW522KWZF;
				DYLIB_COMPATIBILITY_VERSION = 1;
				DYLIB_CURRENT_VERSION = 1;
				DYLIB_INSTALL_NAME_BASE = "@rpath";
				"EXCLUDED_ARCHS[sdk=iphonesimulator*]" = arm64;
				INFOPLIST_FILE = Resource/Info.plist;
				INSTALL_PATH = "$(LOCAL_LIBRARY_DIR)/Frameworks";
				IPHONEOS_DEPLOYMENT_TARGET = 14.0;
				LD_RUNPATH_SEARCH_PATHS = (
					"$(inherited)",
					"@executable_path/Frameworks",
					"@loader_path/Frameworks",
				);
				PRODUCT_BUNDLE_IDENTIFIER = com.seasons.fantazia.resource;
				PRODUCT_NAME = "$(TARGET_NAME:c99extidentifier)";
				SKIP_INSTALL = YES;
				SWIFT_VERSION = 5.0;
				TARGETED_DEVICE_FAMILY = "1,2";
			};
			name = Release;
		};
/* End XCBuildConfiguration section */

/* Begin XCConfigurationList section */
		91909C4825CD755D001D1DE5 /* Build configuration list for PBXProject "Resource" */ = {
			isa = XCConfigurationList;
			buildConfigurations = (
				91909C5425CD755D001D1DE5 /* Debug */,
				91909C5525CD755D001D1DE5 /* Release */,
			);
			defaultConfigurationIsVisible = 0;
			defaultConfigurationName = Release;
		};
		91909C5625CD755D001D1DE5 /* Build configuration list for PBXNativeTarget "Resource" */ = {
			isa = XCConfigurationList;
			buildConfigurations = (
				91909C5725CD755D001D1DE5 /* Debug */,
				91909C5825CD755D001D1DE5 /* Release */,
			);
			defaultConfigurationIsVisible = 0;
			defaultConfigurationName = Release;
		};
/* End XCConfigurationList section */
	};
	rootObject = 91909C4525CD755D001D1DE5 /* Project object */;
}
